
Microsoft Visual Studio Solution File, Format Version 12.00
# Visual Studio Version 17
VisualStudioVersion = 17.14.36121.58
MinimumVisualStudioVersion = 10.0.40219.1
Project("{FAE04EC0-301F-11D3-BF4B-00C04F79EFBC}") = "F360Task.EventBus", "F360Task.EventBus\F360Task.EventBus.csproj", "{0F4A4AC2-107A-47A0-80AD-B234BF2D0D2B}"
EndProject
Project("{FAE04EC0-301F-11D3-BF4B-00C04F79EFBC}") = "F360Task.EventBusRabbitMQ", "F360Task.EventBusRabbitMQ\F360Task.EventBusRabbitMQ.csproj", "{B8831CF3-D2CD-4EAD-B528-AE48C250BBC7}"
EndProject
Project("{FAE04EC0-301F-11D3-BF4B-00C04F79EFBC}") = "F360Task.SharedKernel", "F360Task.SharedKernel\F360Task.SharedKernel.csproj", "{5330015F-21BF-416D-9194-C48B39520338}"
EndProject
Project("{FAE04EC0-301F-11D3-BF4B-00C04F79EFBC}") = "F360Task.API", "F360Task.API\F360Task.API.csproj", "{E69999E9-45E4-49B8-BA74-194BC2000822}"
EndProject
Project("{FAE04EC0-301F-11D3-BF4B-00C04F79EFBC}") = "F360Task.Domain", "F360Task.Domain\F360Task.Domain.csproj", "{17703C84-CC4D-4E1A-BCF0-DE11C5464B03}"
EndProject
Project("{FAE04EC0-301F-11D3-BF4B-00C04F79EFBC}") = "F360Task.Application", "F360Task.Application\F360Task.Application.csproj", "{A8EC8468-8C3E-475A-8317-843ED209204F}"
EndProject
Project("{FAE04EC0-301F-11D3-BF4B-00C04F79EFBC}") = "F360Task.Infrastructure", "F360Task.Infrastructure\F360Task.Infrastructure.csproj", "{F8788FEF-74DF-4648-AE35-FAFE3ED9B10D}"
EndProject
Project("{2150E333-8FDC-42A3-9474-1A3956D46DE8}") = "src", "src", "{02EA681E-C7D8-13C7-8484-4AC65E1B71E8}"
	ProjectSection(SolutionItems) = preProject
		.dockerignore = .dockerignore
	EndProjectSection
EndProject
Project("{2150E333-8FDC-42A3-9474-1A3956D46DE8}") = "test", "test", "{60AEA29F-FD53-4F56-8DB5-56BC1F0777D1}"
EndProject
Project("{FAE04EC0-301F-11D3-BF4B-00C04F79EFBC}") = "F360Task.API.Tests", "F360Task.API.Tests\F360Task.API.Tests.csproj", "{9F276338-A8C3-4149-89E6-F378F64FFCA5}"
EndProject
Project("{FAE04EC0-301F-11D3-BF4B-00C04F79EFBC}") = "F360Task.Application.Tests", "F360Task.Application.Tests\F360Task.Application.Tests.csproj", "{A039FD8A-CDC5-434F-ABFA-D6B22C8D4E3F}"
EndProject
Project("{FAE04EC0-301F-11D3-BF4B-00C04F79EFBC}") = "F360Task.Domain.Tests", "F360Task.Domain.Tests\F360Task.Domain.Tests.csproj", "{DEAA4125-80B8-4758-B2DA-1CA769481D74}"
EndProject
Project("{FAE04EC0-301F-11D3-BF4B-00C04F79EFBC}") = "F360Task.Infrastructure.Tests", "F360Task.Infrastructure.Tests\F360Task.Infrastructure.Tests.csproj", "{FF9B4D74-41BA-4AD1-96AC-F8AFABFFE922}"
EndProject
Project("{FAE04EC0-301F-11D3-BF4B-00C04F79EFBC}") = "F360Task.EventBus.Tests", "F360Task.EventBus.Tests\F360Task.EventBus.Tests.csproj", "{40E92F71-1971-4D07-B1C1-2D85DD9B6FBD}"
EndProject
Project("{FAE04EC0-301F-11D3-BF4B-00C04F79EFBC}") = "F360Task.EventBusRabbitMQ.Tests", "F360Task.EventBusRabbitMQ.Tests\F360Task.EventBusRabbitMQ.Tests.csproj", "{F8500232-7639-4D6A-9E15-343F84556D90}"
EndProject
Project("{FAE04EC0-301F-11D3-BF4B-00C04F79EFBC}") = "F360Task.SharedKernel.Tests", "F360Task.SharedKernel.Tests\F360Task.SharedKernel.Tests.csproj", "{053F7036-2FCE-4C79-B5DC-C5FFEBC6F38C}"
EndProject
Project("{2150E333-8FDC-42A3-9474-1A3956D46DE8}") = "email", "email", "{1144E60E-8D09-480C-9157-8B6801ECC0CD}"
EndProject
Project("{2150E333-8FDC-42A3-9474-1A3956D46DE8}") = "Report", "Report", "{69DE6C15-EAA2-4083-B6B9-B6F6AB48DC61}"
EndProject
Project("{FAE04EC0-301F-11D3-BF4B-00C04F79EFBC}") = "F360Task.Email.Consumer", "F360Task.Email.Consumer\F360Task.Email.Consumer.csproj", "{8B2BA9D9-7EF2-46CC-A39F-1578A958F6C3}"
EndProject
Project("{FAE04EC0-301F-11D3-BF4B-00C04F79EFBC}") = "F360Task.Report.Consumer", "F360Task.Report.Consumer\F360Task.Report.Consumer.csproj", "{DC017855-7882-47DF-8B99-EF21E58DCFF6}"
EndProject
Project("{FAE04EC0-301F-11D3-BF4B-00C04F79EFBC}") = "F360Task.API.Report", "F360Task.API.Report\F360Task.API.Report.csproj", "{DB4E1FCA-3FC6-42E5-9765-2E04253ADF2E}"
EndProject
Global
	GlobalSection(SolutionConfigurationPlatforms) = preSolution
		Debug|Any CPU = Debug|Any CPU
		Release|Any CPU = Release|Any CPU
	EndGlobalSection
	GlobalSection(ProjectConfigurationPlatforms) = postSolution
		{0F4A4AC2-107A-47A0-80AD-B234BF2D0D2B}.Debug|Any CPU.ActiveCfg = Debug|Any CPU
		{0F4A4AC2-107A-47A0-80AD-B234BF2D0D2B}.Debug|Any CPU.Build.0 = Debug|Any CPU
		{0F4A4AC2-107A-47A0-80AD-B234BF2D0D2B}.Release|Any CPU.ActiveCfg = Release|Any CPU
		{0F4A4AC2-107A-47A0-80AD-B234BF2D0D2B}.Release|Any CPU.Build.0 = Release|Any CPU
		{B8831CF3-D2CD-4EAD-B528-AE48C250BBC7}.Debug|Any CPU.ActiveCfg = Debug|Any CPU
		{B8831CF3-D2CD-4EAD-B528-AE48C250BBC7}.Debug|Any CPU.Build.0 = Debug|Any CPU
		{B8831CF3-D2CD-4EAD-B528-AE48C250BBC7}.Release|Any CPU.ActiveCfg = Release|Any CPU
		{B8831CF3-D2CD-4EAD-B528-AE48C250BBC7}.Release|Any CPU.Build.0 = Release|Any CPU
		{5330015F-21BF-416D-9194-C48B39520338}.Debug|Any CPU.ActiveCfg = Debug|Any CPU
		{5330015F-21BF-416D-9194-C48B39520338}.Debug|Any CPU.Build.0 = Debug|Any CPU
		{5330015F-21BF-416D-9194-C48B39520338}.Release|Any CPU.ActiveCfg = Release|Any CPU
		{5330015F-21BF-416D-9194-C48B39520338}.Release|Any CPU.Build.0 = Release|Any CPU
		{E69999E9-45E4-49B8-BA74-194BC2000822}.Debug|Any CPU.ActiveCfg = Debug|Any CPU
		{E69999E9-45E4-49B8-BA74-194BC2000822}.Debug|Any CPU.Build.0 = Debug|Any CPU
		{E69999E9-45E4-49B8-BA74-194BC2000822}.Release|Any CPU.ActiveCfg = Release|Any CPU
		{E69999E9-45E4-49B8-BA74-194BC2000822}.Release|Any CPU.Build.0 = Release|Any CPU
		{17703C84-CC4D-4E1A-BCF0-DE11C5464B03}.Debug|Any CPU.ActiveCfg = Debug|Any CPU
		{17703C84-CC4D-4E1A-BCF0-DE11C5464B03}.Debug|Any CPU.Build.0 = Debug|Any CPU
		{17703C84-CC4D-4E1A-BCF0-DE11C5464B03}.Release|Any CPU.ActiveCfg = Release|Any CPU
		{17703C84-CC4D-4E1A-BCF0-DE11C5464B03}.Release|Any CPU.Build.0 = Release|Any CPU
		{A8EC8468-8C3E-475A-8317-843ED209204F}.Debug|Any CPU.ActiveCfg = Debug|Any CPU
		{A8EC8468-8C3E-475A-8317-843ED209204F}.Debug|Any CPU.Build.0 = Debug|Any CPU
		{A8EC8468-8C3E-475A-8317-843ED209204F}.Release|Any CPU.ActiveCfg = Release|Any CPU
		{A8EC8468-8C3E-475A-8317-843ED209204F}.Release|Any CPU.Build.0 = Release|Any CPU
		{F8788FEF-74DF-4648-AE35-FAFE3ED9B10D}.Debug|Any CPU.ActiveCfg = Debug|Any CPU
		{F8788FEF-74DF-4648-AE35-FAFE3ED9B10D}.Debug|Any CPU.Build.0 = Debug|Any CPU
		{F8788FEF-74DF-4648-AE35-FAFE3ED9B10D}.Release|Any CPU.ActiveCfg = Release|Any CPU
		{F8788FEF-74DF-4648-AE35-FAFE3ED9B10D}.Release|Any CPU.Build.0 = Release|Any CPU
		{9F276338-A8C3-4149-89E6-F378F64FFCA5}.Debug|Any CPU.ActiveCfg = Debug|Any CPU
		{9F276338-A8C3-4149-89E6-F378F64FFCA5}.Debug|Any CPU.Build.0 = Debug|Any CPU
		{9F276338-A8C3-4149-89E6-F378F64FFCA5}.Release|Any CPU.ActiveCfg = Release|Any CPU
		{9F276338-A8C3-4149-89E6-F378F64FFCA5}.Release|Any CPU.Build.0 = Release|Any CPU
		{A039FD8A-CDC5-434F-ABFA-D6B22C8D4E3F}.Debug|Any CPU.ActiveCfg = Debug|Any CPU
		{A039FD8A-CDC5-434F-ABFA-D6B22C8D4E3F}.Debug|Any CPU.Build.0 = Debug|Any CPU
		{A039FD8A-CDC5-434F-ABFA-D6B22C8D4E3F}.Release|Any CPU.ActiveCfg = Release|Any CPU
		{A039FD8A-CDC5-434F-ABFA-D6B22C8D4E3F}.Release|Any CPU.Build.0 = Release|Any CPU
		{DEAA4125-80B8-4758-B2DA-1CA769481D74}.Debug|Any CPU.ActiveCfg = Debug|Any CPU
		{DEAA4125-80B8-4758-B2DA-1CA769481D74}.Debug|Any CPU.Build.0 = Debug|Any CPU
		{DEAA4125-80B8-4758-B2DA-1CA769481D74}.Release|Any CPU.ActiveCfg = Release|Any CPU
		{DEAA4125-80B8-4758-B2DA-1CA769481D74}.Release|Any CPU.Build.0 = Release|Any CPU
		{FF9B4D74-41BA-4AD1-96AC-F8AFABFFE922}.Debug|Any CPU.ActiveCfg = Debug|Any CPU
		{FF9B4D74-41BA-4AD1-96AC-F8AFABFFE922}.Debug|Any CPU.Build.0 = Debug|Any CPU
		{FF9B4D74-41BA-4AD1-96AC-F8AFABFFE922}.Release|Any CPU.ActiveCfg = Release|Any CPU
		{FF9B4D74-41BA-4AD1-96AC-F8AFABFFE922}.Release|Any CPU.Build.0 = Release|Any CPU
		{40E92F71-1971-4D07-B1C1-2D85DD9B6FBD}.Debug|Any CPU.ActiveCfg = Debug|Any CPU
		{40E92F71-1971-4D07-B1C1-2D85DD9B6FBD}.Debug|Any CPU.Build.0 = Debug|Any CPU
		{40E92F71-1971-4D07-B1C1-2D85DD9B6FBD}.Release|Any CPU.ActiveCfg = Release|Any CPU
		{40E92F71-1971-4D07-B1C1-2D85DD9B6FBD}.Release|Any CPU.Build.0 = Release|Any CPU
		{F8500232-7639-4D6A-9E15-343F84556D90}.Debug|Any CPU.ActiveCfg = Debug|Any CPU
		{F8500232-7639-4D6A-9E15-343F84556D90}.Debug|Any CPU.Build.0 = Debug|Any CPU
		{F8500232-7639-4D6A-9E15-343F84556D90}.Release|Any CPU.ActiveCfg = Release|Any CPU
		{F8500232-7639-4D6A-9E15-343F84556D90}.Release|Any CPU.Build.0 = Release|Any CPU
		{053F7036-2FCE-4C79-B5DC-C5FFEBC6F38C}.Debug|Any CPU.ActiveCfg = Debug|Any CPU
		{053F7036-2FCE-4C79-B5DC-C5FFEBC6F38C}.Debug|Any CPU.Build.0 = Debug|Any CPU
		{053F7036-2FCE-4C79-B5DC-C5FFEBC6F38C}.Release|Any CPU.ActiveCfg = Release|Any CPU
		{053F7036-2FCE-4C79-B5DC-C5FFEBC6F38C}.Release|Any CPU.Build.0 = Release|Any CPU
		{8B2BA9D9-7EF2-46CC-A39F-1578A958F6C3}.Debug|Any CPU.ActiveCfg = Debug|Any CPU
		{8B2BA9D9-7EF2-46CC-A39F-1578A958F6C3}.Debug|Any CPU.Build.0 = Debug|Any CPU
		{8B2BA9D9-7EF2-46CC-A39F-1578A958F6C3}.Release|Any CPU.ActiveCfg = Release|Any CPU
		{8B2BA9D9-7EF2-46CC-A39F-1578A958F6C3}.Release|Any CPU.Build.0 = Release|Any CPU
		{DC017855-7882-47DF-8B99-EF21E58DCFF6}.Debug|Any CPU.ActiveCfg = Debug|Any CPU
		{DC017855-7882-47DF-8B99-EF21E58DCFF6}.Debug|Any CPU.Build.0 = Debug|Any CPU
		{DC017855-7882-47DF-8B99-EF21E58DCFF6}.Release|Any CPU.ActiveCfg = Release|Any CPU
		{DC017855-7882-47DF-8B99-EF21E58DCFF6}.Release|Any CPU.Build.0 = Release|Any CPU
		{DB4E1FCA-3FC6-42E5-9765-2E04253ADF2E}.Debug|Any CPU.ActiveCfg = Debug|Any CPU
		{DB4E1FCA-3FC6-42E5-9765-2E04253ADF2E}.Debug|Any CPU.Build.0 = Debug|Any CPU
		{DB4E1FCA-3FC6-42E5-9765-2E04253ADF2E}.Release|Any CPU.ActiveCfg = Release|Any CPU
		{DB4E1FCA-3FC6-42E5-9765-2E04253ADF2E}.Release|Any CPU.Build.0 = Release|Any CPU
	EndGlobalSection
	GlobalSection(SolutionProperties) = preSolution
		HideSolutionNode = FALSE
	EndGlobalSection
	GlobalSection(NestedProjects) = preSolution
		{0F4A4AC2-107A-47A0-80AD-B234BF2D0D2B} = {02EA681E-C7D8-13C7-8484-4AC65E1B71E8}
		{B8831CF3-D2CD-4EAD-B528-AE48C250BBC7} = {02EA681E-C7D8-13C7-8484-4AC65E1B71E8}
		{5330015F-21BF-416D-9194-C48B39520338} = {02EA681E-C7D8-13C7-8484-4AC65E1B71E8}
		{E69999E9-45E4-49B8-BA74-194BC2000822} = {1144E60E-8D09-480C-9157-8B6801ECC0CD}
		{17703C84-CC4D-4E1A-BCF0-DE11C5464B03} = {02EA681E-C7D8-13C7-8484-4AC65E1B71E8}
		{A8EC8468-8C3E-475A-8317-843ED209204F} = {02EA681E-C7D8-13C7-8484-4AC65E1B71E8}
		{F8788FEF-74DF-4648-AE35-FAFE3ED9B10D} = {02EA681E-C7D8-13C7-8484-4AC65E1B71E8}
		{9F276338-A8C3-4149-89E6-F378F64FFCA5} = {60AEA29F-FD53-4F56-8DB5-56BC1F0777D1}
		{A039FD8A-CDC5-434F-ABFA-D6B22C8D4E3F} = {60AEA29F-FD53-4F56-8DB5-56BC1F0777D1}
		{DEAA4125-80B8-4758-B2DA-1CA769481D74} = {60AEA29F-FD53-4F56-8DB5-56BC1F0777D1}
		{FF9B4D74-41BA-4AD1-96AC-F8AFABFFE922} = {60AEA29F-FD53-4F56-8DB5-56BC1F0777D1}
		{40E92F71-1971-4D07-B1C1-2D85DD9B6FBD} = {60AEA29F-FD53-4F56-8DB5-56BC1F0777D1}
		{F8500232-7639-4D6A-9E15-343F84556D90} = {60AEA29F-FD53-4F56-8DB5-56BC1F0777D1}
		{053F7036-2FCE-4C79-B5DC-C5FFEBC6F38C} = {60AEA29F-FD53-4F56-8DB5-56BC1F0777D1}
		{1144E60E-8D09-480C-9157-8B6801ECC0CD} = {02EA681E-C7D8-13C7-8484-4AC65E1B71E8}
		{69DE6C15-EAA2-4083-B6B9-B6F6AB48DC61} = {02EA681E-C7D8-13C7-8484-4AC65E1B71E8}
		{8B2BA9D9-7EF2-46CC-A39F-1578A958F6C3} = {1144E60E-8D09-480C-9157-8B6801ECC0CD}
		{DC017855-7882-47DF-8B99-EF21E58DCFF6} = {69DE6C15-EAA2-4083-B6B9-B6F6AB48DC61}
		{DB4E1FCA-3FC6-42E5-9765-2E04253ADF2E} = {69DE6C15-EAA2-4083-B6B9-B6F6AB48DC61}
	EndGlobalSection
	GlobalSection(ExtensibilityGlobals) = postSolution
		SolutionGuid = {5B544F70-78FB-4102-8663-AFBBF8D10FA8}
	EndGlobalSection
EndGlobal
