
Microsoft Visual Studio Solution File, Format Version 12.00
# Visual Studio Version 17
VisualStudioVersion = 17.14.36121.58
MinimumVisualStudioVersion = 10.0.40219.1
Project("{FAE04EC0-301F-11D3-BF4B-00C04F79EFBC}") = "F360Task.EventBus", "F360Task.EventBus\F360Task.EventBus.csproj", "{0F4A4AC2-107A-47A0-80AD-B234BF2D0D2B}"
EndProject
Project("{FAE04EC0-301F-11D3-BF4B-00C04F79EFBC}") = "F360Task.EventBusRabbitMQ", "F360Task.EventBusRabbitMQ\F360Task.EventBusRabbitMQ.csproj", "{B8831CF3-D2CD-4EAD-B528-AE48C250BBC7}"
EndProject
Project("{FAE04EC0-301F-11D3-BF4B-00C04F79EFBC}") = "F360Task.SharedKernel", "F360Task.SharedKernel\F360Task.SharedKernel.csproj", "{5330015F-21BF-416D-9194-C48B39520338}"
EndProject
Project("{FAE04EC0-301F-11D3-BF4B-00C04F79EFBC}") = "F360Task.API", "F360Task.API\F360Task.API.csproj", "{E69999E9-45E4-49B8-BA74-194BC2000822}"
EndProject
Project("{FAE04EC0-301F-11D3-BF4B-00C04F79EFBC}") = "F360Task.Domain", "F360Task.Domain\F360Task.Domain.csproj", "{17703C84-CC4D-4E1A-BCF0-DE11C5464B03}"
EndProject
Project("{FAE04EC0-301F-11D3-BF4B-00C04F79EFBC}") = "F360Task.Application", "F360Task.Application\F360Task.Application.csproj", "{A8EC8468-8C3E-475A-8317-843ED209204F}"
EndProject
Project("{FAE04EC0-301F-11D3-BF4B-00C04F79EFBC}") = "F360Task.Infrastructure", "F360Task.Infrastructure\F360Task.Infrastructure.csproj", "{F8788FEF-74DF-4648-AE35-FAFE3ED9B10D}"
EndProject
Project("{2150E333-8FDC-42A3-9474-1A3956D46DE8}") = "src", "src", "{02EA681E-C7D8-13C7-8484-4AC65E1B71E8}"
EndProject
Project("{2150E333-8FDC-42A3-9474-1A3956D46DE8}") = "dockers", "dockers", "{69D16974-98B0-4975-A905-D72341FEA6A4}"
	ProjectSection(SolutionItems) = preProject
		docker-compose.yml = docker-compose.yml
	EndProjectSection
EndProject
Global
	GlobalSection(SolutionConfigurationPlatforms) = preSolution
		Debug|Any CPU = Debug|Any CPU
		Release|Any CPU = Release|Any CPU
	EndGlobalSection
	GlobalSection(ProjectConfigurationPlatforms) = postSolution
		{0F4A4AC2-107A-47A0-80AD-B234BF2D0D2B}.Debug|Any CPU.ActiveCfg = Debug|Any CPU
		{0F4A4AC2-107A-47A0-80AD-B234BF2D0D2B}.Debug|Any CPU.Build.0 = Debug|Any CPU
		{0F4A4AC2-107A-47A0-80AD-B234BF2D0D2B}.Release|Any CPU.ActiveCfg = Release|Any CPU
		{0F4A4AC2-107A-47A0-80AD-B234BF2D0D2B}.Release|Any CPU.Build.0 = Release|Any CPU
		{B8831CF3-D2CD-4EAD-B528-AE48C250BBC7}.Debug|Any CPU.ActiveCfg = Debug|Any CPU
		{B8831CF3-D2CD-4EAD-B528-AE48C250BBC7}.Debug|Any CPU.Build.0 = Debug|Any CPU
		{B8831CF3-D2CD-4EAD-B528-AE48C250BBC7}.Release|Any CPU.ActiveCfg = Release|Any CPU
		{B8831CF3-D2CD-4EAD-B528-AE48C250BBC7}.Release|Any CPU.Build.0 = Release|Any CPU
		{5330015F-21BF-416D-9194-C48B39520338}.Debug|Any CPU.ActiveCfg = Debug|Any CPU
		{5330015F-21BF-416D-9194-C48B39520338}.Debug|Any CPU.Build.0 = Debug|Any CPU
		{5330015F-21BF-416D-9194-C48B39520338}.Release|Any CPU.ActiveCfg = Release|Any CPU
		{5330015F-21BF-416D-9194-C48B39520338}.Release|Any CPU.Build.0 = Release|Any CPU
		{E69999E9-45E4-49B8-BA74-194BC2000822}.Debug|Any CPU.ActiveCfg = Debug|Any CPU
		{E69999E9-45E4-49B8-BA74-194BC2000822}.Debug|Any CPU.Build.0 = Debug|Any CPU
		{E69999E9-45E4-49B8-BA74-194BC2000822}.Release|Any CPU.ActiveCfg = Release|Any CPU
		{E69999E9-45E4-49B8-BA74-194BC2000822}.Release|Any CPU.Build.0 = Release|Any CPU
		{17703C84-CC4D-4E1A-BCF0-DE11C5464B03}.Debug|Any CPU.ActiveCfg = Debug|Any CPU
		{17703C84-CC4D-4E1A-BCF0-DE11C5464B03}.Debug|Any CPU.Build.0 = Debug|Any CPU
		{17703C84-CC4D-4E1A-BCF0-DE11C5464B03}.Release|Any CPU.ActiveCfg = Release|Any CPU
		{17703C84-CC4D-4E1A-BCF0-DE11C5464B03}.Release|Any CPU.Build.0 = Release|Any CPU
		{A8EC8468-8C3E-475A-8317-843ED209204F}.Debug|Any CPU.ActiveCfg = Debug|Any CPU
		{A8EC8468-8C3E-475A-8317-843ED209204F}.Debug|Any CPU.Build.0 = Debug|Any CPU
		{A8EC8468-8C3E-475A-8317-843ED209204F}.Release|Any CPU.ActiveCfg = Release|Any CPU
		{A8EC8468-8C3E-475A-8317-843ED209204F}.Release|Any CPU.Build.0 = Release|Any CPU
		{F8788FEF-74DF-4648-AE35-FAFE3ED9B10D}.Debug|Any CPU.ActiveCfg = Debug|Any CPU
		{F8788FEF-74DF-4648-AE35-FAFE3ED9B10D}.Debug|Any CPU.Build.0 = Debug|Any CPU
		{F8788FEF-74DF-4648-AE35-FAFE3ED9B10D}.Release|Any CPU.ActiveCfg = Release|Any CPU
		{F8788FEF-74DF-4648-AE35-FAFE3ED9B10D}.Release|Any CPU.Build.0 = Release|Any CPU
	EndGlobalSection
	GlobalSection(SolutionProperties) = preSolution
		HideSolutionNode = FALSE
	EndGlobalSection
	GlobalSection(NestedProjects) = preSolution
		{0F4A4AC2-107A-47A0-80AD-B234BF2D0D2B} = {02EA681E-C7D8-13C7-8484-4AC65E1B71E8}
		{B8831CF3-D2CD-4EAD-B528-AE48C250BBC7} = {02EA681E-C7D8-13C7-8484-4AC65E1B71E8}
		{5330015F-21BF-416D-9194-C48B39520338} = {02EA681E-C7D8-13C7-8484-4AC65E1B71E8}
		{E69999E9-45E4-49B8-BA74-194BC2000822} = {02EA681E-C7D8-13C7-8484-4AC65E1B71E8}
		{17703C84-CC4D-4E1A-BCF0-DE11C5464B03} = {02EA681E-C7D8-13C7-8484-4AC65E1B71E8}
		{A8EC8468-8C3E-475A-8317-843ED209204F} = {02EA681E-C7D8-13C7-8484-4AC65E1B71E8}
		{F8788FEF-74DF-4648-AE35-FAFE3ED9B10D} = {02EA681E-C7D8-13C7-8484-4AC65E1B71E8}
	EndGlobalSection
	GlobalSection(ExtensibilityGlobals) = postSolution
		SolutionGuid = {5B544F70-78FB-4102-8663-AFBBF8D10FA8}
	EndGlobalSection
EndGlobal
